// !$*UTF8*$!
{
	archiveVersion = 1;
	classes = {
	};
	objectVersion = 54;
	objects = {

/* Begin PBXBuildFile section */
		1939A91624576283895B0550 /* VoiceInput.swift in Sources */ = {isa = PBXBuildFile; fileRef = A7CF13DD69F5604599A7E965 /* VoiceInput.swift */; };
		1F55B995D8EE0CCE729CB545 /* MUWidget.swift in Sources */ = {isa = PBXBuildFile; fileRef = 42F1F6F276BCB5A2CA6FE3E7 /* MUWidget.swift */; };
		24083EB4097C91201E826035 /* SafariView.swift in Sources */ = {isa = PBXBuildFile; fileRef = 5C2819769FCF2C0AA6B54978 /* SafariView.swift */; };
		33B36932D912704B43630E47 /* Localizable.strings in Resources */ = {isa = PBXBuildFile; fileRef = B82CA420028E679CC07FEA55 /* Localizable.strings */; };
		43EFEAE198F4E7164A36B330 /* MUWidget.appex in Embed Foundation Extensions */ = {isa = PBXBuildFile; fileRef = 3D1E794BB01764020997A41E /* MUWidget.appex */; settings = {ATTRIBUTES = (RemoveHeadersOnCopy, ); }; };
		5906456D1AA4BC8B1359CF98 /* OnboardingView.swift in Sources */ = {isa = PBXBuildFile; fileRef = 43E501A44D68FF958C26B9C4 /* OnboardingView.swift */; };
		5D13E83F1F3BF4028293DB3C /* Push.swift in Sources */ = {isa = PBXBuildFile; fileRef = 1D2F7D33C233A7979CE2339B /* Push.swift */; };
		5FE1BC0DBEE47A5F73AC6A3A /* Models.swift in Sources */ = {isa = PBXBuildFile; fileRef = 95E7652A5B51B2C1CD3E6D39 /* Models.swift */; };
		616BA7710E55ED6937B9A3BE /* LiveView.swift in Sources */ = {isa = PBXBuildFile; fileRef = 3310C08546283F364B25E1C0 /* LiveView.swift */; };
		64F738F6F2E4860BD7910617 /* Session.swift in Sources */ = {isa = PBXBuildFile; fileRef = A63CABCD1C5C82345D918B01 /* Session.swift */; };
		714DE96383F152E399DC9BB3 /* ScanView.swift in Sources */ = {isa = PBXBuildFile; fileRef = 37FB043CBEA23D3AEC2ED545 /* ScanView.swift */; };
		72C1F86E0777B2ED87AB917E /* ShopView.swift in Sources */ = {isa = PBXBuildFile; fileRef = CDD3AA78E083DAD93A222113 /* ShopView.swift */; };
		AEB216DA4B7A3841DB82154A /* MUApp.swift in Sources */ = {isa = PBXBuildFile; fileRef = AFC239613BD23A83EA3EEE15 /* MUApp.swift */; };
		C3A13A39199892744181EE91 /* AppState.swift in Sources */ = {isa = PBXBuildFile; fileRef = 397EDA480FA0F17B7918F918 /* AppState.swift */; };
		C9BEA58145EFC10A50732C0B /* ClosetView.swift in Sources */ = {isa = PBXBuildFile; fileRef = 25D52C74AD48EE37849F85FC /* ClosetView.swift */; };
		D0785758C1A192FFDB0D358B /* MakeView.swift in Sources */ = {isa = PBXBuildFile; fileRef = 98732D3C633998735A148781 /* MakeView.swift */; };
		DCE063DAE166EBF372843B7F /* API.swift in Sources */ = {isa = PBXBuildFile; fileRef = 2C5E91CDFCCD90545D126CC5 /* API.swift */; };
		F4090F6F98C0354F04F9A358 /* ProductDetailView.swift in Sources */ = {isa = PBXBuildFile; fileRef = CCE85C0CF59389201167E728 /* ProductDetailView.swift */; };
/* End PBXBuildFile section */

/* Begin PBXContainerItemProxy section */
		569C0A9E2D3B971ADCA7A077 /* PBXContainerItemProxy */ = {
			isa = PBXContainerItemProxy;
			containerPortal = 7EC7F451EABA89639ABE0F4F /* Project object */;
			proxyType = 1;
			remoteGlobalIDString = D9A97F977A0E3121EEA9AA57;
			remoteInfo = MUWidget;
		};
/* End PBXContainerItemProxy section */

/* Begin PBXCopyFilesBuildPhase section */
		0D7742E532EF5B89591A23BF /* Embed Foundation Extensions */ = {
			isa = PBXCopyFilesBuildPhase;
			buildActionMask = 2147483647;
			dstPath = "";
			dstSubfolderSpec = 13;
			files = (
				43EFEAE198F4E7164A36B330 /* MUWidget.appex in Embed Foundation Extensions */,
			);
			name = "Embed Foundation Extensions";
			runOnlyForDeploymentPostprocessing = 0;
		};
/* End PBXCopyFilesBuildPhase section */

/* Begin PBXFileReference section */
		0BE856D05330A3D80DC87ADF /* ja */ = {isa = PBXFileReference; lastKnownFileType = text.plist.strings; name = ja; path = ja.lproj/Localizable.strings; sourceTree = "<group>"; };
		1D2F7D33C233A7979CE2339B /* Push.swift */ = {isa = PBXFileReference; lastKnownFileType = sourcecode.swift; path = Push.swift; sourceTree = "<group>"; };
		25D52C74AD48EE37849F85FC /* ClosetView.swift */ = {isa = PBXFileReference; lastKnownFileType = sourcecode.swift; path = ClosetView.swift; sourceTree = "<group>"; };
		2C5E91CDFCCD90545D126CC5 /* API.swift */ = {isa = PBXFileReference; lastKnownFileType = sourcecode.swift; path = API.swift; sourceTree = "<group>"; };
		3310C08546283F364B25E1C0 /* LiveView.swift */ = {isa = PBXFileReference; lastKnownFileType = sourcecode.swift; path = LiveView.swift; sourceTree = "<group>"; };
		37FB043CBEA23D3AEC2ED545 /* ScanView.swift */ = {isa = PBXFileReference; lastKnownFileType = sourcecode.swift; path = ScanView.swift; sourceTree = "<group>"; };
		397EDA480FA0F17B7918F918 /* AppState.swift */ = {isa = PBXFileReference; lastKnownFileType = sourcecode.swift; path = AppState.swift; sourceTree = "<group>"; };
		3D1E794BB01764020997A41E /* MUWidget.appex */ = {isa = PBXFileReference; includeInIndex = 0; lastKnownFileType = "wrapper.app-extension"; path = MUWidget.appex; sourceTree = BUILT_PRODUCTS_DIR; };
		42F1F6F276BCB5A2CA6FE3E7 /* MUWidget.swift */ = {isa = PBXFileReference; lastKnownFileType = sourcecode.swift; path = MUWidget.swift; sourceTree = "<group>"; };
		43E501A44D68FF958C26B9C4 /* OnboardingView.swift */ = {isa = PBXFileReference; lastKnownFileType = sourcecode.swift; path = OnboardingView.swift; sourceTree = "<group>"; };
		5C2819769FCF2C0AA6B54978 /* SafariView.swift */ = {isa = PBXFileReference; lastKnownFileType = sourcecode.swift; path = SafariView.swift; sourceTree = "<group>"; };
		6C4140B36BFB33F4D3CBCCE1 /* Info.plist */ = {isa = PBXFileReference; lastKnownFileType = text.plist; path = Info.plist; sourceTree = "<group>"; };
		95E7652A5B51B2C1CD3E6D39 /* Models.swift */ = {isa = PBXFileReference; lastKnownFileType = sourcecode.swift; path = Models.swift; sourceTree = "<group>"; };
		98732D3C633998735A148781 /* MakeView.swift */ = {isa = PBXFileReference; lastKnownFileType = sourcecode.swift; path = MakeView.swift; sourceTree = "<group>"; };
		A63CABCD1C5C82345D918B01 /* Session.swift */ = {isa = PBXFileReference; lastKnownFileType = sourcecode.swift; path = Session.swift; sourceTree = "<group>"; };
		A7CF13DD69F5604599A7E965 /* VoiceInput.swift */ = {isa = PBXFileReference; lastKnownFileType = sourcecode.swift; path = VoiceInput.swift; sourceTree = "<group>"; };
		AFC239613BD23A83EA3EEE15 /* MUApp.swift */ = {isa = PBXFileReference; lastKnownFileType = sourcecode.swift; path = MUApp.swift; sourceTree = "<group>"; };
		BF19E422B1EEAC28966BC2E7 /* MU.app */ = {isa = PBXFileReference; includeInIndex = 0; lastKnownFileType = wrapper.application; path = MU.app; sourceTree = BUILT_PRODUCTS_DIR; };
		CCE85C0CF59389201167E728 /* ProductDetailView.swift */ = {isa = PBXFileReference; lastKnownFileType = sourcecode.swift; path = ProductDetailView.swift; sourceTree = "<group>"; };
		CDD3AA78E083DAD93A222113 /* ShopView.swift */ = {isa = PBXFileReference; lastKnownFileType = sourcecode.swift; path = ShopView.swift; sourceTree = "<group>"; };
		E04C21412555E3233719B07C /* en */ = {isa = PBXFileReference; lastKnownFileType = text.plist.strings; name = en; path = en.lproj/Localizable.strings; sourceTree = "<group>"; };
/* End PBXFileReference section */

/* Begin PBXGroup section */
		0440D0EB3C172BBF55B4D2B5 /* Onboarding */ = {
			isa = PBXGroup;
			children = (
				43E501A44D68FF958C26B9C4 /* OnboardingView.swift */,
			);
			path = Onboarding;
			sourceTree = "<group>";
		};
		0676764BD8C1BB1D7FEB6986 /* Make */ = {
			isa = PBXGroup;
			children = (
				98732D3C633998735A148781 /* MakeView.swift */,
			);
			path = Make;
			sourceTree = "<group>";
		};
		3C284C5D095C83C89FF97E7B /* Products */ = {
			isa = PBXGroup;
			children = (
				BF19E422B1EEAC28966BC2E7 /* MU.app */,
				3D1E794BB01764020997A41E /* MUWidget.appex */,
			);
			name = Products;
			sourceTree = "<group>";
		};
		3DFCCC3080F5FB943F6D4A1D /* Core */ = {
			isa = PBXGroup;
			children = (
				2C5E91CDFCCD90545D126CC5 /* API.swift */,
				397EDA480FA0F17B7918F918 /* AppState.swift */,
				95E7652A5B51B2C1CD3E6D39 /* Models.swift */,
				1D2F7D33C233A7979CE2339B /* Push.swift */,
				A63CABCD1C5C82345D918B01 /* Session.swift */,
				A7CF13DD69F5604599A7E965 /* VoiceInput.swift */,
			);
			path = Core;
			sourceTree = "<group>";
		};
		515A2D49393119FEA49E41B4 /* Features */ = {
			isa = PBXGroup;
			children = (
				A2A2042B177BF5ACED1A7EC6 /* Closet */,
				CD6262FA66CF313C9790006D /* Live */,
				0676764BD8C1BB1D7FEB6986 /* Make */,
				0440D0EB3C172BBF55B4D2B5 /* Onboarding */,
				C31710599BFEC2A9EE80C56A /* Scan */,
				EE7299AEAD5D88790912A6A9 /* Shop */,
			);
			path = Features;
			sourceTree = "<group>";
		};
		6236C37FC4580F98835BB24F /* Resources */ = {
			isa = PBXGroup;
			children = (
				B82CA420028E679CC07FEA55 /* Localizable.strings */,
			);
			name = Resources;
			path = MU/Resources;
			sourceTree = "<group>";
		};
		677F321D842F1BAC60C14969 /* MUWidget */ = {
			isa = PBXGroup;
			children = (
				6C4140B36BFB33F4D3CBCCE1 /* Info.plist */,
				42F1F6F276BCB5A2CA6FE3E7 /* MUWidget.swift */,
			);
			path = MUWidget;
			sourceTree = "<group>";
		};
		7E219D62C6F104339CB76A3E /* Sources */ = {
			isa = PBXGroup;
			children = (
				AFC239613BD23A83EA3EEE15 /* MUApp.swift */,
				3DFCCC3080F5FB943F6D4A1D /* Core */,
				515A2D49393119FEA49E41B4 /* Features */,
			);
			name = Sources;
			path = MU/Sources;
			sourceTree = "<group>";
		};
		A2A2042B177BF5ACED1A7EC6 /* Closet */ = {
			isa = PBXGroup;
			children = (
				25D52C74AD48EE37849F85FC /* ClosetView.swift */,
			);
			path = Closet;
			sourceTree = "<group>";
		};
		C31710599BFEC2A9EE80C56A /* Scan */ = {
			isa = PBXGroup;
			children = (
				37FB043CBEA23D3AEC2ED545 /* ScanView.swift */,
			);
			path = Scan;
			sourceTree = "<group>";
		};
		CD6262FA66CF313C9790006D /* Live */ = {
			isa = PBXGroup;
			children = (
				3310C08546283F364B25E1C0 /* LiveView.swift */,
			);
			path = Live;
			sourceTree = "<group>";
		};
		EE7299AEAD5D88790912A6A9 /* Shop */ = {
			isa = PBXGroup;
			children = (
				CCE85C0CF59389201167E728 /* ProductDetailView.swift */,
				5C2819769FCF2C0AA6B54978 /* SafariView.swift */,
				CDD3AA78E083DAD93A222113 /* ShopView.swift */,
			);
			path = Shop;
			sourceTree = "<group>";
		};
		F8E6C6BAC91467E2058EE433 = {
			isa = PBXGroup;
			children = (
				677F321D842F1BAC60C14969 /* MUWidget */,
				6236C37FC4580F98835BB24F /* Resources */,
				7E219D62C6F104339CB76A3E /* Sources */,
				3C284C5D095C83C89FF97E7B /* Products */,
			);
			sourceTree = "<group>";
		};
/* End PBXGroup section */

/* Begin PBXNativeTarget section */
		D9A97F977A0E3121EEA9AA57 /* MUWidget */ = {
			isa = PBXNativeTarget;
			buildConfigurationList = 13E71BF02A5A3023AAC6432C /* Build configuration list for PBXNativeTarget "MUWidget" */;
			buildPhases = (
				24D2F99A0AACE9B57F38234C /* Sources */,
			);
			buildRules = (
			);
			dependencies = (
			);
			name = MUWidget;
			packageProductDependencies = (
			);
			productName = MUWidget;
			productReference = 3D1E794BB01764020997A41E /* MUWidget.appex */;
			productType = "com.apple.product-type.app-extension";
		};
		E937BB375474AE3346DFC265 /* MU */ = {
			isa = PBXNativeTarget;
			buildConfigurationList = 081E8CE72F8B2343F17CE827 /* Build configuration list for PBXNativeTarget "MU" */;
			buildPhases = (
				9DE44739A83BBE8C45846F9C /* Sources */,
				3AE5CB8224296472D93EB942 /* Resources */,
				0D7742E532EF5B89591A23BF /* Embed Foundation Extensions */,
			);
			buildRules = (
			);
			dependencies = (
				613EACC228FBE6DE48354D46 /* PBXTargetDependency */,
			);
			name = MU;
			packageProductDependencies = (
			);
			productName = MU;
			productReference = BF19E422B1EEAC28966BC2E7 /* MU.app */;
			productType = "com.apple.product-type.application";
		};
/* End PBXNativeTarget section */

/* Begin PBXProject section */
		7EC7F451EABA89639ABE0F4F /* Project object */ = {
			isa = PBXProject;
			attributes = {
				BuildIndependentTargetsInParallel = YES;
				LastUpgradeCheck = 1430;
				TargetAttributes = {
					D9A97F977A0E3121EEA9AA57 = {
						DevelopmentTeam = 5BV85JW8US;
						ProvisioningStyle = Automatic;
					};
					E937BB375474AE3346DFC265 = {
						DevelopmentTeam = 5BV85JW8US;
						ProvisioningStyle = Automatic;
					};
				};
			};
			buildConfigurationList = BB098F2994215D74415357F3 /* Build configuration list for PBXProject "MU" */;
			compatibilityVersion = "Xcode 14.0";
			developmentRegion = ja;
			hasScannedForEncodings = 0;
			knownRegions = (
				Base,
				en,
				ja,
			);
			mainGroup = F8E6C6BAC91467E2058EE433;
			minimizedProjectReferenceProxies = 1;
			preferredProjectObjectVersion = 54;
			projectDirPath = "";
			projectRoot = "";
			targets = (
				E937BB375474AE3346DFC265 /* MU */,
				D9A97F977A0E3121EEA9AA57 /* MUWidget */,
			);
		};
/* End PBXProject section */

/* Begin PBXResourcesBuildPhase section */
		3AE5CB8224296472D93EB942 /* Resources */ = {
			isa = PBXResourcesBuildPhase;
			buildActionMask = 2147483647;
			files = (
				33B36932D912704B43630E47 /* Localizable.strings in Resources */,
			);
			runOnlyForDeploymentPostprocessing = 0;
		};
/* End PBXResourcesBuildPhase section */

/* Begin PBXSourcesBuildPhase section */
		24D2F99A0AACE9B57F38234C /* Sources */ = {
			isa = PBXSourcesBuildPhase;
			buildActionMask = 2147483647;
			files = (
				1F55B995D8EE0CCE729CB545 /* MUWidget.swift in Sources */,
			);
			runOnlyForDeploymentPostprocessing = 0;
		};
		9DE44739A83BBE8C45846F9C /* Sources */ = {
			isa = PBXSourcesBuildPhase;
			buildActionMask = 2147483647;
			files = (
				DCE063DAE166EBF372843B7F /* API.swift in Sources */,
				C3A13A39199892744181EE91 /* AppState.swift in Sources */,
				C9BEA58145EFC10A50732C0B /* ClosetView.swift in Sources */,
				616BA7710E55ED6937B9A3BE /* LiveView.swift in Sources */,
				AEB216DA4B7A3841DB82154A /* MUApp.swift in Sources */,
				D0785758C1A192FFDB0D358B /* MakeView.swift in Sources */,
				5FE1BC0DBEE47A5F73AC6A3A /* Models.swift in Sources */,
				5906456D1AA4BC8B1359CF98 /* OnboardingView.swift in Sources */,
				F4090F6F98C0354F04F9A358 /* ProductDetailView.swift in Sources */,
				5D13E83F1F3BF4028293DB3C /* Push.swift in Sources */,
				24083EB4097C91201E826035 /* SafariView.swift in Sources */,
				714DE96383F152E399DC9BB3 /* ScanView.swift in Sources */,
				64F738F6F2E4860BD7910617 /* Session.swift in Sources */,
				72C1F86E0777B2ED87AB917E /* ShopView.swift in Sources */,
				1939A91624576283895B0550 /* VoiceInput.swift in Sources */,
			);
			runOnlyForDeploymentPostprocessing = 0;
		};
/* End PBXSourcesBuildPhase section */

/* Begin PBXTargetDependency section */
		613EACC228FBE6DE48354D46 /* PBXTargetDependency */ = {
			isa = PBXTargetDependency;
			target = D9A97F977A0E3121EEA9AA57 /* MUWidget */;
			targetProxy = 569C0A9E2D3B971ADCA7A077 /* PBXContainerItemProxy */;
		};
/* End PBXTargetDependency section */

/* Begin PBXVariantGroup section */
		B82CA420028E679CC07FEA55 /* Localizable.strings */ = {
			isa = PBXVariantGroup;
			children = (
				E04C21412555E3233719B07C /* en */,
				0BE856D05330A3D80DC87ADF /* ja */,
			);
			name = Localizable.strings;
			sourceTree = "<group>";
		};
/* End PBXVariantGroup section */

/* Begin XCBuildConfiguration section */
		26EF824BDF4E3CA6978186CA /* Debug */ = {
			isa = XCBuildConfiguration;
			buildSettings = {
				ALWAYS_SEARCH_USER_PATHS = NO;
				CLANG_ANALYZER_NONNULL = YES;
				CLANG_ANALYZER_NUMBER_OBJECT_CONVERSION = YES_AGGRESSIVE;
				CLANG_CXX_LANGUAGE_STANDARD = "gnu++14";
				CLANG_CXX_LIBRARY = "libc++";
				CLANG_ENABLE_MODULES = YES;
				CLANG_ENABLE_OBJC_ARC = YES;
				CLANG_ENABLE_OBJC_WEAK = YES;
				CLANG_WARN_BLOCK_CAPTURE_AUTORELEASING = YES;
				CLANG_WARN_BOOL_CONVERSION = YES;
				CLANG_WARN_COMMA = YES;
				CLANG_WARN_CONSTANT_CONVERSION = YES;
				CLANG_WARN_DEPRECATED_OBJC_IMPLEMENTATIONS = YES;
				CLANG_WARN_DIRECT_OBJC_ISA_USAGE = YES_ERROR;
				CLANG_WARN_DOCUMENTATION_COMMENTS = YES;
				CLANG_WARN_EMPTY_BODY = YES;
				CLANG_WARN_ENUM_CONVERSION = YES;
				CLANG_WARN_INFINITE_RECURSION = YES;
				CLANG_WARN_INT_CONVERSION = YES;
				CLANG_WARN_NON_LITERAL_NULL_CONVERSION = YES;
				CLANG_WARN_OBJC_IMPLICIT_RETAIN_SELF = YES;
				CLANG_WARN_OBJC_LITERAL_CONVERSION = YES;
				CLANG_WARN_OBJC_ROOT_CLASS = YES_ERROR;
				CLANG_WARN_QUOTED_INCLUDE_IN_FRAMEWORK_HEADER = YES;
				CLANG_WARN_RANGE_LOOP_ANALYSIS = YES;
				CLANG_WARN_STRICT_PROTOTYPES = YES;
				CLANG_WARN_SUSPICIOUS_MOVE = YES;
				CLANG_WARN_UNGUARDED_AVAILABILITY = YES_AGGRESSIVE;
				CLANG_WARN_UNREACHABLE_CODE = YES;
				CLANG_WARN__DUPLICATE_METHOD_MATCH = YES;
				CODE_SIGN_STYLE = Automatic;
				COPY_PHASE_STRIP = NO;
				CURRENT_PROJECT_VERSION = 1;
				DEBUG_INFORMATION_FORMAT = dwarf;
				DEVELOPMENT_TEAM = 5BV85JW8US;
				ENABLE_STRICT_OBJC_MSGSEND = YES;
				ENABLE_TESTABILITY = YES;
				GCC_C_LANGUAGE_STANDARD = gnu11;
				GCC_DYNAMIC_NO_PIC = NO;
				GCC_NO_COMMON_BLOCKS = YES;
				GCC_OPTIMIZATION_LEVEL = 0;
				GCC_PREPROCESSOR_DEFINITIONS = (
					"$(inherited)",
					"DEBUG=1",
				);
				GCC_WARN_64_TO_32_BIT_CONVERSION = YES;
				GCC_WARN_ABOUT_RETURN_TYPE = YES_ERROR;
				GCC_WARN_UNDECLARED_SELECTOR = YES;
				GCC_WARN_UNINITIALIZED_AUTOS = YES_AGGRESSIVE;
				GCC_WARN_UNUSED_FUNCTION = YES;
				GCC_WARN_UNUSED_VARIABLE = YES;
				IPHONEOS_DEPLOYMENT_TARGET = 17.0;
				MARKETING_VERSION = 0.1.0;
				MTL_ENABLE_DEBUG_INFO = INCLUDE_SOURCE;
				MTL_FAST_MATH = YES;
				ONLY_ACTIVE_ARCH = YES;
				PRODUCT_NAME = "$(TARGET_NAME)";
				SDKROOT = iphoneos;
				SWIFT_ACTIVE_COMPILATION_CONDITIONS = DEBUG;
				SWIFT_OPTIMIZATION_LEVEL = "-Onone";
				SWIFT_VERSION = 5.9;
			};
			name = Debug;
		};
		360593091E4CFAC0D673404E /* Release */ = {
			isa = XCBuildConfiguration;
			buildSettings = {
				GENERATE_INFOPLIST_FILE = NO;
				INFOPLIST_FILE = MUWidget/Info.plist;
				INFOPLIST_KEY_ITSAppUsesNonExemptEncryption = NO;
				LD_RUNPATH_SEARCH_PATHS = (
					"$(inherited)",
					"@executable_path/Frameworks",
					"@executable_path/../../Frameworks",
				);
				PRODUCT_BUNDLE_IDENTIFIER = com.wearmu.mu.widget;
				SDKROOT = iphoneos;
				TARGETED_DEVICE_FAMILY = "1,2";
			};
			name = Release;
		};
		5E671B40C5B7F3CD13210CF9 /* Debug */ = {
			isa = XCBuildConfiguration;
			buildSettings = {
				ASSETCATALOG_COMPILER_APPICON_NAME = AppIcon;
				CODE_SIGN_IDENTITY = "iPhone Developer";
				GENERATE_INFOPLIST_FILE = YES;
				INFOPLIST_KEY_CFBundleDisplayName = MU;
				INFOPLIST_KEY_ITSAppUsesNonExemptEncryption = NO;
				INFOPLIST_KEY_NSCameraUsageDescription = "商品タグやムーンマーカーのQRコードを読み取り、真贋・音・つくる画面を開くために使います。";
				INFOPLIST_KEY_NSMicrophoneUsageDescription = "「声で作る」で、話した言葉からデザインを生成するために使います。";
				INFOPLIST_KEY_NSSpeechRecognitionUsageDescription = "話した言葉を文字に変換して、作りたいものを入力するために使います。";
				INFOPLIST_KEY_UILaunchScreen_Generation = YES;
				INFOPLIST_KEY_UIRequiresFullScreen = YES;
				INFOPLIST_KEY_UISupportedInterfaceOrientations_iPhone = UIInterfaceOrientationPortrait;
				LD_RUNPATH_SEARCH_PATHS = (
					"$(inherited)",
					"@executable_path/Frameworks",
				);
				PRODUCT_BUNDLE_IDENTIFIER = com.wearmu.mu;
				SDKROOT = iphoneos;
				TARGETED_DEVICE_FAMILY = "1,2";
			};
			name = Debug;
		};
		9D2FF937B9745AB0DBC46D8B /* Debug */ = {
			isa = XCBuildConfiguration;
			buildSettings = {
				GENERATE_INFOPLIST_FILE = NO;
				INFOPLIST_FILE = MUWidget/Info.plist;
				INFOPLIST_KEY_ITSAppUsesNonExemptEncryption = NO;
				LD_RUNPATH_SEARCH_PATHS = (
					"$(inherited)",
					"@executable_path/Frameworks",
					"@executable_path/../../Frameworks",
				);
				PRODUCT_BUNDLE_IDENTIFIER = com.wearmu.mu.widget;
				SDKROOT = iphoneos;
				TARGETED_DEVICE_FAMILY = "1,2";
			};
			name = Debug;
		};
		ABDF46BB98CF9BA0A331F7A6 /* Release */ = {
			isa = XCBuildConfiguration;
			buildSettings = {
				ALWAYS_SEARCH_USER_PATHS = NO;
				CLANG_ANALYZER_NONNULL = YES;
				CLANG_ANALYZER_NUMBER_OBJECT_CONVERSION = YES_AGGRESSIVE;
				CLANG_CXX_LANGUAGE_STANDARD = "gnu++14";
				CLANG_CXX_LIBRARY = "libc++";
				CLANG_ENABLE_MODULES = YES;
				CLANG_ENABLE_OBJC_ARC = YES;
				CLANG_ENABLE_OBJC_WEAK = YES;
				CLANG_WARN_BLOCK_CAPTURE_AUTORELEASING = YES;
				CLANG_WARN_BOOL_CONVERSION = YES;
				CLANG_WARN_COMMA = YES;
				CLANG_WARN_CONSTANT_CONVERSION = YES;
				CLANG_WARN_DEPRECATED_OBJC_IMPLEMENTATIONS = YES;
				CLANG_WARN_DIRECT_OBJC_ISA_USAGE = YES_ERROR;
				CLANG_WARN_DOCUMENTATION_COMMENTS = YES;
				CLANG_WARN_EMPTY_BODY = YES;
				CLANG_WARN_ENUM_CONVERSION = YES;
				CLANG_WARN_INFINITE_RECURSION = YES;
				CLANG_WARN_INT_CONVERSION = YES;
				CLANG_WARN_NON_LITERAL_NULL_CONVERSION = YES;
				CLANG_WARN_OBJC_IMPLICIT_RETAIN_SELF = YES;
				CLANG_WARN_OBJC_LITERAL_CONVERSION = YES;
				CLANG_WARN_OBJC_ROOT_CLASS = YES_ERROR;
				CLANG_WARN_QUOTED_INCLUDE_IN_FRAMEWORK_HEADER = YES;
				CLANG_WARN_RANGE_LOOP_ANALYSIS = YES;
				CLANG_WARN_STRICT_PROTOTYPES = YES;
				CLANG_WARN_SUSPICIOUS_MOVE = YES;
				CLANG_WARN_UNGUARDED_AVAILABILITY = YES_AGGRESSIVE;
				CLANG_WARN_UNREACHABLE_CODE = YES;
				CLANG_WARN__DUPLICATE_METHOD_MATCH = YES;
				CODE_SIGN_STYLE = Automatic;
				COPY_PHASE_STRIP = NO;
				CURRENT_PROJECT_VERSION = 1;
				DEBUG_INFORMATION_FORMAT = "dwarf-with-dsym";
				DEVELOPMENT_TEAM = 5BV85JW8US;
				ENABLE_NS_ASSERTIONS = NO;
				ENABLE_STRICT_OBJC_MSGSEND = YES;
				GCC_C_LANGUAGE_STANDARD = gnu11;
				GCC_NO_COMMON_BLOCKS = YES;
				GCC_WARN_64_TO_32_BIT_CONVERSION = YES;
				GCC_WARN_ABOUT_RETURN_TYPE = YES_ERROR;
				GCC_WARN_UNDECLARED_SELECTOR = YES;
				GCC_WARN_UNINITIALIZED_AUTOS = YES_AGGRESSIVE;
				GCC_WARN_UNUSED_FUNCTION = YES;
				GCC_WARN_UNUSED_VARIABLE = YES;
				IPHONEOS_DEPLOYMENT_TARGET = 17.0;
				MARKETING_VERSION = 0.1.0;
				MTL_ENABLE_DEBUG_INFO = NO;
				MTL_FAST_MATH = YES;
				PRODUCT_NAME = "$(TARGET_NAME)";
				SDKROOT = iphoneos;
				SWIFT_COMPILATION_MODE = wholemodule;
				SWIFT_OPTIMIZATION_LEVEL = "-O";
				SWIFT_VERSION = 5.9;
			};
			name = Release;
		};
		FC96E5B5BB4507FE77A9D9DC /* Release */ = {
			isa = XCBuildConfiguration;
			buildSettings = {
				ASSETCATALOG_COMPILER_APPICON_NAME = AppIcon;
				CODE_SIGN_IDENTITY = "iPhone Developer";
				GENERATE_INFOPLIST_FILE = YES;
				INFOPLIST_KEY_CFBundleDisplayName = MU;
				INFOPLIST_KEY_ITSAppUsesNonExemptEncryption = NO;
				INFOPLIST_KEY_NSCameraUsageDescription = "商品タグやムーンマーカーのQRコードを読み取り、真贋・音・つくる画面を開くために使います。";
				INFOPLIST_KEY_NSMicrophoneUsageDescription = "「声で作る」で、話した言葉からデザインを生成するために使います。";
				INFOPLIST_KEY_NSSpeechRecognitionUsageDescription = "話した言葉を文字に変換して、作りたいものを入力するために使います。";
				INFOPLIST_KEY_UILaunchScreen_Generation = YES;
				INFOPLIST_KEY_UIRequiresFullScreen = YES;
				INFOPLIST_KEY_UISupportedInterfaceOrientations_iPhone = UIInterfaceOrientationPortrait;
				LD_RUNPATH_SEARCH_PATHS = (
					"$(inherited)",
					"@executable_path/Frameworks",
				);
				PRODUCT_BUNDLE_IDENTIFIER = com.wearmu.mu;
				SDKROOT = iphoneos;
				TARGETED_DEVICE_FAMILY = "1,2";
			};
			name = Release;
		};
/* End XCBuildConfiguration section */

/* Begin XCConfigurationList section */
		081E8CE72F8B2343F17CE827 /* Build configuration list for PBXNativeTarget "MU" */ = {
			isa = XCConfigurationList;
			buildConfigurations = (
				5E671B40C5B7F3CD13210CF9 /* Debug */,
				FC96E5B5BB4507FE77A9D9DC /* Release */,
			);
			defaultConfigurationIsVisible = 0;
			defaultConfigurationName = Debug;
		};
		13E71BF02A5A3023AAC6432C /* Build configuration list for PBXNativeTarget "MUWidget" */ = {
			isa = XCConfigurationList;
			buildConfigurations = (
				9D2FF937B9745AB0DBC46D8B /* Debug */,
				360593091E4CFAC0D673404E /* Release */,
			);
			defaultConfigurationIsVisible = 0;
			defaultConfigurationName = Debug;
		};
		BB098F2994215D74415357F3 /* Build configuration list for PBXProject "MU" */ = {
			isa = XCConfigurationList;
			buildConfigurations = (
				26EF824BDF4E3CA6978186CA /* Debug */,
				ABDF46BB98CF9BA0A331F7A6 /* Release */,
			);
			defaultConfigurationIsVisible = 0;
			defaultConfigurationName = Debug;
		};
/* End XCConfigurationList section */
	};
	rootObject = 7EC7F451EABA89639ABE0F4F /* Project object */;
}
