// !$*UTF8*$!
{
	archiveVersion = 1;
	classes = {
	};
	objectVersion = 54;
	objects = {

/* Begin PBXBuildFile section */
		34F85D04E287EFFB69AECB85 /* LedgerView.swift in Sources */ = {isa = PBXBuildFile; fileRef = A3760934ACF786923E735CAD /* LedgerView.swift */; };
		4B0832AF572FD06FD6AA99C5 /* ClosetView.swift in Sources */ = {isa = PBXBuildFile; fileRef = D3C24DEA0FF0808F2A6B353F /* ClosetView.swift */; };
		5A7EB73E2031BA72880BA042 /* PulseView.swift in Sources */ = {isa = PBXBuildFile; fileRef = 2D28C90D77301AC151CE126D /* PulseView.swift */; };
		63C004B4D97B1D693C8ED42B /* API.swift in Sources */ = {isa = PBXBuildFile; fileRef = AC1D01A0C6116CE5D9007CE0 /* API.swift */; };
		6A3458ED81D8979E35A88AE5 /* SafariView.swift in Sources */ = {isa = PBXBuildFile; fileRef = 104127C88DFCB43E01A17767 /* SafariView.swift */; };
		848C4D55B461F8F6DC265E63 /* PulseModel.swift in Sources */ = {isa = PBXBuildFile; fileRef = EEBBA2DA94E84F80FD193B97 /* PulseModel.swift */; };
		8B8FEFA53774D857FB7F585E /* Session.swift in Sources */ = {isa = PBXBuildFile; fileRef = BEF9E43315955E281F1E10D5 /* Session.swift */; };
		A04EA86108992963D84F943B /* Models.swift in Sources */ = {isa = PBXBuildFile; fileRef = EA303913AB828547E340F061 /* Models.swift */; };
		A6D0D7C7B6322C31DB464643 /* Theme.swift in Sources */ = {isa = PBXBuildFile; fileRef = 16B063CCF9499DC0CB080A98 /* Theme.swift */; };
		F05CE5468B1A24130EFC5B9A /* MUOSApp.swift in Sources */ = {isa = PBXBuildFile; fileRef = 887A9E3397028FA2A2955CA4 /* MUOSApp.swift */; };
		F575079D83A86AC469201962 /* DropDetailView.swift in Sources */ = {isa = PBXBuildFile; fileRef = 15002FB6A3044D4ABD731D26 /* DropDetailView.swift */; };
		F63CC950D15009760D1B248A /* Localizable.xcstrings in Resources */ = {isa = PBXBuildFile; fileRef = 4F36D9352D32B61CE2BFBE83 /* Localizable.xcstrings */; };
		FAF0EC4DDDFBC10C72A9F26F /* DropsView.swift in Sources */ = {isa = PBXBuildFile; fileRef = C266F800DD22374D26BA1A75 /* DropsView.swift */; };
/* End PBXBuildFile section */

/* Begin PBXFileReference section */
		0609AEB1312BFCCFD3761C20 /* MUOS.app */ = {isa = PBXFileReference; includeInIndex = 0; lastKnownFileType = wrapper.application; path = MUOS.app; sourceTree = BUILT_PRODUCTS_DIR; };
		104127C88DFCB43E01A17767 /* SafariView.swift */ = {isa = PBXFileReference; lastKnownFileType = sourcecode.swift; path = SafariView.swift; sourceTree = "<group>"; };
		15002FB6A3044D4ABD731D26 /* DropDetailView.swift */ = {isa = PBXFileReference; lastKnownFileType = sourcecode.swift; path = DropDetailView.swift; sourceTree = "<group>"; };
		16B063CCF9499DC0CB080A98 /* Theme.swift */ = {isa = PBXFileReference; lastKnownFileType = sourcecode.swift; path = Theme.swift; sourceTree = "<group>"; };
		2D28C90D77301AC151CE126D /* PulseView.swift */ = {isa = PBXFileReference; lastKnownFileType = sourcecode.swift; path = PulseView.swift; sourceTree = "<group>"; };
		4F36D9352D32B61CE2BFBE83 /* Localizable.xcstrings */ = {isa = PBXFileReference; lastKnownFileType = text.json.xcstrings; path = Localizable.xcstrings; sourceTree = "<group>"; };
		887A9E3397028FA2A2955CA4 /* MUOSApp.swift */ = {isa = PBXFileReference; lastKnownFileType = sourcecode.swift; path = MUOSApp.swift; sourceTree = "<group>"; };
		A3760934ACF786923E735CAD /* LedgerView.swift */ = {isa = PBXFileReference; lastKnownFileType = sourcecode.swift; path = LedgerView.swift; sourceTree = "<group>"; };
		AC1D01A0C6116CE5D9007CE0 /* API.swift */ = {isa = PBXFileReference; lastKnownFileType = sourcecode.swift; path = API.swift; sourceTree = "<group>"; };
		BEF9E43315955E281F1E10D5 /* Session.swift */ = {isa = PBXFileReference; lastKnownFileType = sourcecode.swift; path = Session.swift; sourceTree = "<group>"; };
		C266F800DD22374D26BA1A75 /* DropsView.swift */ = {isa = PBXFileReference; lastKnownFileType = sourcecode.swift; path = DropsView.swift; sourceTree = "<group>"; };
		D3C24DEA0FF0808F2A6B353F /* ClosetView.swift */ = {isa = PBXFileReference; lastKnownFileType = sourcecode.swift; path = ClosetView.swift; sourceTree = "<group>"; };
		EA303913AB828547E340F061 /* Models.swift */ = {isa = PBXFileReference; lastKnownFileType = sourcecode.swift; path = Models.swift; sourceTree = "<group>"; };
		EEBBA2DA94E84F80FD193B97 /* PulseModel.swift */ = {isa = PBXFileReference; lastKnownFileType = sourcecode.swift; path = PulseModel.swift; sourceTree = "<group>"; };
/* End PBXFileReference section */

/* Begin PBXGroup section */
		2B3D4001E638EDD4DB82FEF5 /* Sources */ = {
			isa = PBXGroup;
			children = (
				887A9E3397028FA2A2955CA4 /* MUOSApp.swift */,
				D5254AC121B11EFFDD33CBB0 /* Core */,
				837B9EB2D155BA723060747F /* Features */,
			);
			name = Sources;
			path = MUOS/Sources;
			sourceTree = "<group>";
		};
		3ADACF033B9ED39AF6FE9D40 /* Drops */ = {
			isa = PBXGroup;
			children = (
				15002FB6A3044D4ABD731D26 /* DropDetailView.swift */,
				C266F800DD22374D26BA1A75 /* DropsView.swift */,
			);
			path = Drops;
			sourceTree = "<group>";
		};
		65CFCA0F0261FE1FB4B93560 /* Products */ = {
			isa = PBXGroup;
			children = (
				0609AEB1312BFCCFD3761C20 /* MUOS.app */,
			);
			name = Products;
			sourceTree = "<group>";
		};
		68E1813830078C2ECF1B5409 = {
			isa = PBXGroup;
			children = (
				C28B43C02F19FC38F2F1A81A /* Resources */,
				2B3D4001E638EDD4DB82FEF5 /* Sources */,
				65CFCA0F0261FE1FB4B93560 /* Products */,
			);
			sourceTree = "<group>";
		};
		81F0409203F64E54F9B7C2FE /* Shared */ = {
			isa = PBXGroup;
			children = (
				104127C88DFCB43E01A17767 /* SafariView.swift */,
			);
			path = Shared;
			sourceTree = "<group>";
		};
		837B9EB2D155BA723060747F /* Features */ = {
			isa = PBXGroup;
			children = (
				B8D5B1DAE3C2C392A151D920 /* Closet */,
				3ADACF033B9ED39AF6FE9D40 /* Drops */,
				E611CCD9C05AB540F07DF1AE /* Ledger */,
				AD80A12D4EEB7C14D6B101F7 /* Pulse */,
				81F0409203F64E54F9B7C2FE /* Shared */,
			);
			path = Features;
			sourceTree = "<group>";
		};
		AD80A12D4EEB7C14D6B101F7 /* Pulse */ = {
			isa = PBXGroup;
			children = (
				2D28C90D77301AC151CE126D /* PulseView.swift */,
			);
			path = Pulse;
			sourceTree = "<group>";
		};
		B8D5B1DAE3C2C392A151D920 /* Closet */ = {
			isa = PBXGroup;
			children = (
				D3C24DEA0FF0808F2A6B353F /* ClosetView.swift */,
			);
			path = Closet;
			sourceTree = "<group>";
		};
		C28B43C02F19FC38F2F1A81A /* Resources */ = {
			isa = PBXGroup;
			children = (
				4F36D9352D32B61CE2BFBE83 /* Localizable.xcstrings */,
			);
			name = Resources;
			path = MUOS/Resources;
			sourceTree = "<group>";
		};
		D5254AC121B11EFFDD33CBB0 /* Core */ = {
			isa = PBXGroup;
			children = (
				AC1D01A0C6116CE5D9007CE0 /* API.swift */,
				EA303913AB828547E340F061 /* Models.swift */,
				EEBBA2DA94E84F80FD193B97 /* PulseModel.swift */,
				BEF9E43315955E281F1E10D5 /* Session.swift */,
				16B063CCF9499DC0CB080A98 /* Theme.swift */,
			);
			path = Core;
			sourceTree = "<group>";
		};
		E611CCD9C05AB540F07DF1AE /* Ledger */ = {
			isa = PBXGroup;
			children = (
				A3760934ACF786923E735CAD /* LedgerView.swift */,
			);
			path = Ledger;
			sourceTree = "<group>";
		};
/* End PBXGroup section */

/* Begin PBXNativeTarget section */
		BB52638A2272A288173021FE /* MUOS */ = {
			isa = PBXNativeTarget;
			buildConfigurationList = F845D54D999DFFF117CD579B /* Build configuration list for PBXNativeTarget "MUOS" */;
			buildPhases = (
				E8B9BCC81E67B0C26AE68C2F /* Sources */,
				7F423B8AD168BB23D1DCCD56 /* Resources */,
			);
			buildRules = (
			);
			dependencies = (
			);
			name = MUOS;
			packageProductDependencies = (
			);
			productName = MUOS;
			productReference = 0609AEB1312BFCCFD3761C20 /* MUOS.app */;
			productType = "com.apple.product-type.application";
		};
/* End PBXNativeTarget section */

/* Begin PBXProject section */
		FECFEA0947C254C279431FA1 /* Project object */ = {
			isa = PBXProject;
			attributes = {
				BuildIndependentTargetsInParallel = YES;
				LastUpgradeCheck = 1430;
				TargetAttributes = {
					BB52638A2272A288173021FE = {
						DevelopmentTeam = 5BV85JW8US;
						ProvisioningStyle = Automatic;
					};
				};
			};
			buildConfigurationList = 6F501C556E203A7CF98AA164 /* Build configuration list for PBXProject "MUOS" */;
			compatibilityVersion = "Xcode 14.0";
			developmentRegion = ja;
			hasScannedForEncodings = 0;
			knownRegions = (
				Base,
				en,
				ja,
			);
			mainGroup = 68E1813830078C2ECF1B5409;
			minimizedProjectReferenceProxies = 1;
			preferredProjectObjectVersion = 54;
			projectDirPath = "";
			projectRoot = "";
			targets = (
				BB52638A2272A288173021FE /* MUOS */,
			);
		};
/* End PBXProject section */

/* Begin PBXResourcesBuildPhase section */
		7F423B8AD168BB23D1DCCD56 /* Resources */ = {
			isa = PBXResourcesBuildPhase;
			buildActionMask = 2147483647;
			files = (
				F63CC950D15009760D1B248A /* Localizable.xcstrings in Resources */,
			);
			runOnlyForDeploymentPostprocessing = 0;
		};
/* End PBXResourcesBuildPhase section */

/* Begin PBXSourcesBuildPhase section */
		E8B9BCC81E67B0C26AE68C2F /* Sources */ = {
			isa = PBXSourcesBuildPhase;
			buildActionMask = 2147483647;
			files = (
				63C004B4D97B1D693C8ED42B /* API.swift in Sources */,
				4B0832AF572FD06FD6AA99C5 /* ClosetView.swift in Sources */,
				F575079D83A86AC469201962 /* DropDetailView.swift in Sources */,
				FAF0EC4DDDFBC10C72A9F26F /* DropsView.swift in Sources */,
				34F85D04E287EFFB69AECB85 /* LedgerView.swift in Sources */,
				F05CE5468B1A24130EFC5B9A /* MUOSApp.swift in Sources */,
				A04EA86108992963D84F943B /* Models.swift in Sources */,
				848C4D55B461F8F6DC265E63 /* PulseModel.swift in Sources */,
				5A7EB73E2031BA72880BA042 /* PulseView.swift in Sources */,
				6A3458ED81D8979E35A88AE5 /* SafariView.swift in Sources */,
				8B8FEFA53774D857FB7F585E /* Session.swift in Sources */,
				A6D0D7C7B6322C31DB464643 /* Theme.swift in Sources */,
			);
			runOnlyForDeploymentPostprocessing = 0;
		};
/* End PBXSourcesBuildPhase section */

/* Begin XCBuildConfiguration section */
		06A81D11A73BAB83EDB13DB6 /* Release */ = {
			isa = XCBuildConfiguration;
			buildSettings = {
				ASSETCATALOG_COMPILER_APPICON_NAME = AppIcon;
				CODE_SIGN_IDENTITY = "iPhone Developer";
				GENERATE_INFOPLIST_FILE = YES;
				INFOPLIST_KEY_CFBundleDisplayName = "MU OS";
				INFOPLIST_KEY_ITSAppUsesNonExemptEncryption = NO;
				INFOPLIST_KEY_UILaunchScreen_Generation = YES;
				INFOPLIST_KEY_UIRequiresFullScreen = YES;
				INFOPLIST_KEY_UISupportedInterfaceOrientations_iPhone = UIInterfaceOrientationPortrait;
				LD_RUNPATH_SEARCH_PATHS = (
					"$(inherited)",
					"@executable_path/Frameworks",
				);
				PRODUCT_BUNDLE_IDENTIFIER = com.wearmu.mu.os;
				SDKROOT = iphoneos;
				TARGETED_DEVICE_FAMILY = "1,2";
			};
			name = Release;
		};
		33CA956E8FEDDECF123F5BCD /* Debug */ = {
			isa = XCBuildConfiguration;
			buildSettings = {
				ASSETCATALOG_COMPILER_APPICON_NAME = AppIcon;
				CODE_SIGN_IDENTITY = "iPhone Developer";
				GENERATE_INFOPLIST_FILE = YES;
				INFOPLIST_KEY_CFBundleDisplayName = "MU OS";
				INFOPLIST_KEY_ITSAppUsesNonExemptEncryption = NO;
				INFOPLIST_KEY_UILaunchScreen_Generation = YES;
				INFOPLIST_KEY_UIRequiresFullScreen = YES;
				INFOPLIST_KEY_UISupportedInterfaceOrientations_iPhone = UIInterfaceOrientationPortrait;
				LD_RUNPATH_SEARCH_PATHS = (
					"$(inherited)",
					"@executable_path/Frameworks",
				);
				PRODUCT_BUNDLE_IDENTIFIER = com.wearmu.mu.os;
				SDKROOT = iphoneos;
				TARGETED_DEVICE_FAMILY = "1,2";
			};
			name = Debug;
		};
		A36E3ED00B5DFAF5B2AFAE32 /* Debug */ = {
			isa = XCBuildConfiguration;
			buildSettings = {
				ALWAYS_SEARCH_USER_PATHS = NO;
				CLANG_ANALYZER_NONNULL = YES;
				CLANG_ANALYZER_NUMBER_OBJECT_CONVERSION = YES_AGGRESSIVE;
				CLANG_CXX_LANGUAGE_STANDARD = "gnu++14";
				CLANG_CXX_LIBRARY = "libc++";
				CLANG_ENABLE_MODULES = YES;
				CLANG_ENABLE_OBJC_ARC = YES;
				CLANG_ENABLE_OBJC_WEAK = YES;
				CLANG_WARN_BLOCK_CAPTURE_AUTORELEASING = YES;
				CLANG_WARN_BOOL_CONVERSION = YES;
				CLANG_WARN_COMMA = YES;
				CLANG_WARN_CONSTANT_CONVERSION = YES;
				CLANG_WARN_DEPRECATED_OBJC_IMPLEMENTATIONS = YES;
				CLANG_WARN_DIRECT_OBJC_ISA_USAGE = YES_ERROR;
				CLANG_WARN_DOCUMENTATION_COMMENTS = YES;
				CLANG_WARN_EMPTY_BODY = YES;
				CLANG_WARN_ENUM_CONVERSION = YES;
				CLANG_WARN_INFINITE_RECURSION = YES;
				CLANG_WARN_INT_CONVERSION = YES;
				CLANG_WARN_NON_LITERAL_NULL_CONVERSION = YES;
				CLANG_WARN_OBJC_IMPLICIT_RETAIN_SELF = YES;
				CLANG_WARN_OBJC_LITERAL_CONVERSION = YES;
				CLANG_WARN_OBJC_ROOT_CLASS = YES_ERROR;
				CLANG_WARN_QUOTED_INCLUDE_IN_FRAMEWORK_HEADER = YES;
				CLANG_WARN_RANGE_LOOP_ANALYSIS = YES;
				CLANG_WARN_STRICT_PROTOTYPES = YES;
				CLANG_WARN_SUSPICIOUS_MOVE = YES;
				CLANG_WARN_UNGUARDED_AVAILABILITY = YES_AGGRESSIVE;
				CLANG_WARN_UNREACHABLE_CODE = YES;
				CLANG_WARN__DUPLICATE_METHOD_MATCH = YES;
				CODE_SIGN_STYLE = Automatic;
				COPY_PHASE_STRIP = NO;
				CURRENT_PROJECT_VERSION = 1;
				DEBUG_INFORMATION_FORMAT = dwarf;
				DEVELOPMENT_TEAM = 5BV85JW8US;
				ENABLE_STRICT_OBJC_MSGSEND = YES;
				ENABLE_TESTABILITY = YES;
				GCC_C_LANGUAGE_STANDARD = gnu11;
				GCC_DYNAMIC_NO_PIC = NO;
				GCC_NO_COMMON_BLOCKS = YES;
				GCC_OPTIMIZATION_LEVEL = 0;
				GCC_PREPROCESSOR_DEFINITIONS = (
					"$(inherited)",
					"DEBUG=1",
				);
				GCC_WARN_64_TO_32_BIT_CONVERSION = YES;
				GCC_WARN_ABOUT_RETURN_TYPE = YES_ERROR;
				GCC_WARN_UNDECLARED_SELECTOR = YES;
				GCC_WARN_UNINITIALIZED_AUTOS = YES_AGGRESSIVE;
				GCC_WARN_UNUSED_FUNCTION = YES;
				GCC_WARN_UNUSED_VARIABLE = YES;
				IPHONEOS_DEPLOYMENT_TARGET = 17.0;
				MARKETING_VERSION = 0.1.0;
				MTL_ENABLE_DEBUG_INFO = INCLUDE_SOURCE;
				MTL_FAST_MATH = YES;
				ONLY_ACTIVE_ARCH = YES;
				PRODUCT_NAME = "$(TARGET_NAME)";
				SDKROOT = iphoneos;
				SWIFT_ACTIVE_COMPILATION_CONDITIONS = DEBUG;
				SWIFT_OPTIMIZATION_LEVEL = "-Onone";
				SWIFT_VERSION = 5.9;
			};
			name = Debug;
		};
		B2A85C27CE4226EFF14A030D /* Release */ = {
			isa = XCBuildConfiguration;
			buildSettings = {
				ALWAYS_SEARCH_USER_PATHS = NO;
				CLANG_ANALYZER_NONNULL = YES;
				CLANG_ANALYZER_NUMBER_OBJECT_CONVERSION = YES_AGGRESSIVE;
				CLANG_CXX_LANGUAGE_STANDARD = "gnu++14";
				CLANG_CXX_LIBRARY = "libc++";
				CLANG_ENABLE_MODULES = YES;
				CLANG_ENABLE_OBJC_ARC = YES;
				CLANG_ENABLE_OBJC_WEAK = YES;
				CLANG_WARN_BLOCK_CAPTURE_AUTORELEASING = YES;
				CLANG_WARN_BOOL_CONVERSION = YES;
				CLANG_WARN_COMMA = YES;
				CLANG_WARN_CONSTANT_CONVERSION = YES;
				CLANG_WARN_DEPRECATED_OBJC_IMPLEMENTATIONS = YES;
				CLANG_WARN_DIRECT_OBJC_ISA_USAGE = YES_ERROR;
				CLANG_WARN_DOCUMENTATION_COMMENTS = YES;
				CLANG_WARN_EMPTY_BODY = YES;
				CLANG_WARN_ENUM_CONVERSION = YES;
				CLANG_WARN_INFINITE_RECURSION = YES;
				CLANG_WARN_INT_CONVERSION = YES;
				CLANG_WARN_NON_LITERAL_NULL_CONVERSION = YES;
				CLANG_WARN_OBJC_IMPLICIT_RETAIN_SELF = YES;
				CLANG_WARN_OBJC_LITERAL_CONVERSION = YES;
				CLANG_WARN_OBJC_ROOT_CLASS = YES_ERROR;
				CLANG_WARN_QUOTED_INCLUDE_IN_FRAMEWORK_HEADER = YES;
				CLANG_WARN_RANGE_LOOP_ANALYSIS = YES;
				CLANG_WARN_STRICT_PROTOTYPES = YES;
				CLANG_WARN_SUSPICIOUS_MOVE = YES;
				CLANG_WARN_UNGUARDED_AVAILABILITY = YES_AGGRESSIVE;
				CLANG_WARN_UNREACHABLE_CODE = YES;
				CLANG_WARN__DUPLICATE_METHOD_MATCH = YES;
				CODE_SIGN_STYLE = Automatic;
				COPY_PHASE_STRIP = NO;
				CURRENT_PROJECT_VERSION = 1;
				DEBUG_INFORMATION_FORMAT = "dwarf-with-dsym";
				DEVELOPMENT_TEAM = 5BV85JW8US;
				ENABLE_NS_ASSERTIONS = NO;
				ENABLE_STRICT_OBJC_MSGSEND = YES;
				GCC_C_LANGUAGE_STANDARD = gnu11;
				GCC_NO_COMMON_BLOCKS = YES;
				GCC_WARN_64_TO_32_BIT_CONVERSION = YES;
				GCC_WARN_ABOUT_RETURN_TYPE = YES_ERROR;
				GCC_WARN_UNDECLARED_SELECTOR = YES;
				GCC_WARN_UNINITIALIZED_AUTOS = YES_AGGRESSIVE;
				GCC_WARN_UNUSED_FUNCTION = YES;
				GCC_WARN_UNUSED_VARIABLE = YES;
				IPHONEOS_DEPLOYMENT_TARGET = 17.0;
				MARKETING_VERSION = 0.1.0;
				MTL_ENABLE_DEBUG_INFO = NO;
				MTL_FAST_MATH = YES;
				PRODUCT_NAME = "$(TARGET_NAME)";
				SDKROOT = iphoneos;
				SWIFT_COMPILATION_MODE = wholemodule;
				SWIFT_OPTIMIZATION_LEVEL = "-O";
				SWIFT_VERSION = 5.9;
			};
			name = Release;
		};
/* End XCBuildConfiguration section */

/* Begin XCConfigurationList section */
		6F501C556E203A7CF98AA164 /* Build configuration list for PBXProject "MUOS" */ = {
			isa = XCConfigurationList;
			buildConfigurations = (
				A36E3ED00B5DFAF5B2AFAE32 /* Debug */,
				B2A85C27CE4226EFF14A030D /* Release */,
			);
			defaultConfigurationIsVisible = 0;
			defaultConfigurationName = Debug;
		};
		F845D54D999DFFF117CD579B /* Build configuration list for PBXNativeTarget "MUOS" */ = {
			isa = XCConfigurationList;
			buildConfigurations = (
				33CA956E8FEDDECF123F5BCD /* Debug */,
				06A81D11A73BAB83EDB13DB6 /* Release */,
			);
			defaultConfigurationIsVisible = 0;
			defaultConfigurationName = Debug;
		};
/* End XCConfigurationList section */
	};
	rootObject = FECFEA0947C254C279431FA1 /* Project object */;
}
